
Microsoft Visual Studio Solution File, Format Version 12.00
# Visual Studio 15
VisualStudioVersion = 15.0.27004.2005
MinimumVisualStudioVersion = 10.0.40219.1
Project("{FAE04EC0-301F-11D3-BF4B-00C04F79EFBC}") = "DocxEncrypter", "DocxEncrypter\DocxEncrypter.csproj", "{7ED4FA70-B627-4D4B-A8A8-341CB5EBF5AC}"
EndProject
Project("{FAE04EC0-301F-11D3-BF4B-00C04F79EFBC}") = "DocxEncrypterConsole", "DocxEncrypterConsole\DocxEncrypterConsole.csproj", "{E8C48188-686F-4FBA-AA5F-8D51E907B05D}"
	ProjectSection(ProjectDependencies) = postProject
		{7ED4FA70-B627-4D4B-A8A8-341CB5EBF5AC} = {7ED4FA70-B627-4D4B-A8A8-341CB5EBF5AC}
	EndProjectSection
EndProject
Global
	GlobalSection(SolutionConfigurationPlatforms) = preSolution
		Debug|Any CPU = Debug|Any CPU
		Release|Any CPU = Release|Any CPU
	EndGlobalSection
	GlobalSection(ProjectConfigurationPlatforms) = postSolution
		{7ED4FA70-B627-4D4B-A8A8-341CB5EBF5AC}.Debug|Any CPU.ActiveCfg = Debug|Any CPU
		{7ED4FA70-B627-4D4B-A8A8-341CB5EBF5AC}.Debug|Any CPU.Build.0 = Debug|Any CPU
		{7ED4FA70-B627-4D4B-A8A8-341CB5EBF5AC}.Release|Any CPU.ActiveCfg = Release|Any CPU
		{7ED4FA70-B627-4D4B-A8A8-341CB5EBF5AC}.Release|Any CPU.Build.0 = Release|Any CPU
		{E8C48188-686F-4FBA-AA5F-8D51E907B05D}.Debug|Any CPU.ActiveCfg = Debug|Any CPU
		{E8C48188-686F-4FBA-AA5F-8D51E907B05D}.Debug|Any CPU.Build.0 = Debug|Any CPU
		{E8C48188-686F-4FBA-AA5F-8D51E907B05D}.Release|Any CPU.ActiveCfg = Release|Any CPU
		{E8C48188-686F-4FBA-AA5F-8D51E907B05D}.Release|Any CPU.Build.0 = Release|Any CPU
	EndGlobalSection
	GlobalSection(SolutionProperties) = preSolution
		HideSolutionNode = FALSE
	EndGlobalSection
	GlobalSection(ExtensibilityGlobals) = postSolution
		SolutionGuid = {DAE5827B-534C-4431-B5B5-5BADF9C50389}
	EndGlobalSection
EndGlobal
